{
  "nodes": {
    "flakeNimbleLib": {
      "inputs": {
        "nixpkgs": [
          "nixpkgs"
        ]
      },
      "locked": {
        "lastModified": 1662018438,
        "narHash": "sha256-QtNtU6+LX3Wokxf0zlFwKTFOcn6TeDjKQZ+DA9OYtvM=",
        "owner": "riinr",
        "repo": "nim-flakes-lib",
        "rev": "b1fe8340736e3a85d25c709ac3dfd82a55c03cbf",
        "type": "github"
      },
      "original": {
        "owner": "riinr",
        "ref": "master",
        "repo": "nim-flakes-lib",
        "type": "github"
      }
    },
    "nixpkgs": {
      "locked": {
        "lastModified": 1667199707,
        "narHash": "sha256-I2Js3Y7gUyVSEXPULHlBoRek4Lh85vnevdS6mdvDNLI=",
        "owner": "NixOS",
        "repo": "nixpkgs",
        "rev": "ced197be72099edcfa68ebed8b87af7b04851f45",
        "type": "github"
      },
      "original": {
        "id": "nixpkgs",
        "type": "indirect"
      }
    },
    "prometheus-master": {
      "inputs": {
        "flakeNimbleLib": [
          "flakeNimbleLib"
        ],
        "nixpkgs": [
          "nixpkgs"
        ],
        "src-prometheus-master": "src-prometheus-master"
      },
      "locked": {
        "dir": "master",
        "lastModified": 1667322596,
        "narHash": "sha256-RxvfqGw7aAyKsqN0LwfI3r1NVTsMguvTfRYnXJG1Oe4=",
        "owner": "nim-nix-pkgs",
        "repo": "prometheus",
        "rev": "49fa4f87482b0c5917a4add67c423d2e1a272990",
        "type": "github"
      },
      "original": {
        "dir": "master",
        "owner": "nim-nix-pkgs",
        "ref": "master",
        "repo": "prometheus",
        "type": "github"
      }
    },
    "root": {
      "inputs": {
        "flakeNimbleLib": "flakeNimbleLib",
        "nixpkgs": "nixpkgs",
        "prometheus-master": "prometheus-master"
      }
    },
    "src-prometheus-master": {
      "flake": false,
      "locked": {
        "lastModified": 1595534390,
        "narHash": "sha256-lVijE+zuZQwdLh/4nutEL/UmR2L3PPiA7dsQgR67q8U=",
        "owner": "dom96",
        "repo": "prometheus",
        "rev": "eb4d67c1a84d4bd74cbd7f2a2065b60bcb8bad34",
        "type": "github"
      },
      "original": {
        "owner": "dom96",
        "ref": "refs/heads/master",
        "repo": "prometheus",
        "type": "github"
      }
    }
  },
  "root": "root",
  "version": 7
}
