{
  "nodes": {
    "flakeNimbleLib": {
      "inputs": {
        "nixpkgs": [
          "nixpkgs"
        ]
      },
      "locked": {
        "lastModified": 1662018438,
        "narHash": "sha256-QtNtU6+LX3Wokxf0zlFwKTFOcn6TeDjKQZ+DA9OYtvM=",
        "owner": "riinr",
        "repo": "nim-flakes-lib",
        "rev": "b1fe8340736e3a85d25c709ac3dfd82a55c03cbf",
        "type": "github"
      },
      "original": {
        "owner": "riinr",
        "ref": "master",
        "repo": "nim-flakes-lib",
        "type": "github"
      }
    },
    "nixpkgs": {
      "locked": {
        "lastModified": 1667110639,
        "narHash": "sha256-4FbPESZ5LbqQxkJJJBAfk/zKgF9h/4kyUwjjpJwYlbc=",
        "owner": "NixOS",
        "repo": "nixpkgs",
        "rev": "f38a1f04d1bec1feb61fd101a0539ae2002a7087",
        "type": "github"
      },
      "original": {
        "id": "nixpkgs",
        "type": "indirect"
      }
    },
    "prometheus-master": {
      "inputs": {
        "flakeNimbleLib": [
          "flakeNimbleLib"
        ],
        "nixpkgs": [
          "nixpkgs"
        ],
        "src-prometheus-master": "src-prometheus-master"
      },
      "locked": {
        "dir": "master",
        "lastModified": 1662254756,
        "narHash": "sha256-5uC1prtMo1QZhGpPWp+waz++KynJWu4SEuuOXFPFxAg=",
        "owner": "nim-nix-pkgs",
        "repo": "prometheus",
        "rev": "b5d222f3233ec24655e00a515a0fb7481fb89f8a",
        "type": "github"
      },
      "original": {
        "dir": "master",
        "owner": "nim-nix-pkgs",
        "ref": "master",
        "repo": "prometheus",
        "type": "github"
      }
    },
    "root": {
      "inputs": {
        "flakeNimbleLib": "flakeNimbleLib",
        "nixpkgs": "nixpkgs",
        "prometheus-master": "prometheus-master"
      }
    },
    "src-prometheus-master": {
      "flake": false,
      "locked": {
        "lastModified": 1595534390,
        "narHash": "sha256-lVijE+zuZQwdLh/4nutEL/UmR2L3PPiA7dsQgR67q8U=",
        "owner": "dom96",
        "repo": "prometheus",
        "rev": "eb4d67c1a84d4bd74cbd7f2a2065b60bcb8bad34",
        "type": "github"
      },
      "original": {
        "owner": "dom96",
        "ref": "refs/heads/master",
        "repo": "prometheus",
        "type": "github"
      }
    }
  },
  "root": "root",
  "version": 7
}
